
Microsoft Visual Studio Solution File, Format Version 12.00
# Visual Studio 15
VisualStudioVersion = 15.0.25920.0
MinimumVisualStudioVersion = 10.0.40219.1
Project("{FAE04EC0-301F-11D3-BF4B-00C04F79EFBC}") = "RoleplayBattleOrganizer", "RoleplayBattleOrganizer\RoleplayBattleOrganizer.csproj", "{0086D6EE-D476-4C93-A85F-853DCE26A134}"
EndProject
Project("{FAE04EC0-301F-11D3-BF4B-00C04F79EFBC}") = "TestRoleplayBattleOrganizer", "TestRoleplayBattleOrganizer\TestRoleplayBattleOrganizer.csproj", "{4A77279C-2D1F-4DDE-8174-B399674A53FD}"
EndProject
Global
	GlobalSection(SolutionConfigurationPlatforms) = preSolution
		Debug|Any CPU = Debug|Any CPU
		Release|Any CPU = Release|Any CPU
	EndGlobalSection
	GlobalSection(ProjectConfigurationPlatforms) = postSolution
		{0086D6EE-D476-4C93-A85F-853DCE26A134}.Debug|Any CPU.ActiveCfg = Debug|Any CPU
		{0086D6EE-D476-4C93-A85F-853DCE26A134}.Debug|Any CPU.Build.0 = Debug|Any CPU
		{0086D6EE-D476-4C93-A85F-853DCE26A134}.Release|Any CPU.ActiveCfg = Release|Any CPU
		{0086D6EE-D476-4C93-A85F-853DCE26A134}.Release|Any CPU.Build.0 = Release|Any CPU
		{4A77279C-2D1F-4DDE-8174-B399674A53FD}.Debug|Any CPU.ActiveCfg = Debug|Any CPU
		{4A77279C-2D1F-4DDE-8174-B399674A53FD}.Debug|Any CPU.Build.0 = Debug|Any CPU
		{4A77279C-2D1F-4DDE-8174-B399674A53FD}.Release|Any CPU.ActiveCfg = Release|Any CPU
		{4A77279C-2D1F-4DDE-8174-B399674A53FD}.Release|Any CPU.Build.0 = Release|Any CPU
	EndGlobalSection
	GlobalSection(SolutionProperties) = preSolution
		HideSolutionNode = FALSE
	EndGlobalSection
EndGlobal
